
Microsoft Visual Studio Solution File, Format Version 12.00
# Visual Studio 2013
VisualStudioVersion = 12.0.30723.0
MinimumVisualStudioVersion = 10.0.40219.1
Project("{FAE04EC0-301F-11D3-BF4B-00C04F79EFBC}") = "ProjectElysium", "ProjectElysium\ProjectElysium.csproj", "{1DAD063D-8078-4BC1-9750-44A1CEBD692B}"
EndProject
Global
	GlobalSection(SolutionConfigurationPlatforms) = preSolution
		CD_ROM|Any CPU = CD_ROM|Any CPU
		Debug|Any CPU = Debug|Any CPU
		DVD-5|Any CPU = DVD-5|Any CPU
		Release|Any CPU = Release|Any CPU
		SingleImage|Any CPU = SingleImage|Any CPU
	EndGlobalSection
	GlobalSection(ProjectConfigurationPlatforms) = postSolution
		{1DAD063D-8078-4BC1-9750-44A1CEBD692B}.CD_ROM|Any CPU.ActiveCfg = Release|Any CPU
		{1DAD063D-8078-4BC1-9750-44A1CEBD692B}.CD_ROM|Any CPU.Build.0 = Release|Any CPU
		{1DAD063D-8078-4BC1-9750-44A1CEBD692B}.Debug|Any CPU.ActiveCfg = Debug|Any CPU
		{1DAD063D-8078-4BC1-9750-44A1CEBD692B}.Debug|Any CPU.Build.0 = Debug|Any CPU
		{1DAD063D-8078-4BC1-9750-44A1CEBD692B}.DVD-5|Any CPU.ActiveCfg = Debug|Any CPU
		{1DAD063D-8078-4BC1-9750-44A1CEBD692B}.DVD-5|Any CPU.Build.0 = Debug|Any CPU
		{1DAD063D-8078-4BC1-9750-44A1CEBD692B}.Release|Any CPU.ActiveCfg = Release|Any CPU
		{1DAD063D-8078-4BC1-9750-44A1CEBD692B}.Release|Any CPU.Build.0 = Release|Any CPU
		{1DAD063D-8078-4BC1-9750-44A1CEBD692B}.SingleImage|Any CPU.ActiveCfg = Release|Any CPU
		{1DAD063D-8078-4BC1-9750-44A1CEBD692B}.SingleImage|Any CPU.Build.0 = Release|Any CPU
	EndGlobalSection
	GlobalSection(SolutionProperties) = preSolution
		HideSolutionNode = FALSE
	EndGlobalSection
EndGlobal
